
Microsoft Visual Studio Solution File, Format Version 12.00
# Visual Studio Version 17
VisualStudioVersion = 17.5.33414.496
MinimumVisualStudioVersion = 10.0.40219.1
Project("{2150E333-8FDC-42A3-9474-1A3956D46DE8}") = ".nuget", ".nuget", "{0D43D20B-6D51-4CBC-BD30-F17B8CA65678}"
	ProjectSection(SolutionItems) = preProject
		.nuget\NuGet.Config = .nuget\NuGet.Config
		.nuget\NuGet.exe = .nuget\NuGet.exe
		.nuget\NuGet.targets = .nuget\NuGet.targets
	EndProjectSection
EndProject
Project("{2150E333-8FDC-42A3-9474-1A3956D46DE8}") = "SolutionFiles", "SolutionFiles", "{9E670137-8739-4C9C-8693-797A230F38EB}"
	ProjectSection(SolutionItems) = preProject
		..\appveyor.yml = ..\appveyor.yml
		..\README.md = ..\README.md
	EndProjectSection
EndProject
Project("{9A19103F-16F7-4668-BE54-9A1E7A4F7556}") = "MasterDevs.ChromeDevTools.Local", "MasterDevs.ChromeDevTools.Local\MasterDevs.ChromeDevTools.Local.csproj", "{F1954861-46DF-4617-AE0C-FE8A648F698C}"
EndProject
Project("{2150E333-8FDC-42A3-9474-1A3956D46DE8}") = "MasterDevs.ChromeDevTools", "MasterDevs.ChromeDevTools", "{B4DF8183-CDDE-4E9F-AAD2-557F30E2F4F7}"
EndProject
Project("{FAE04EC0-301F-11D3-BF4B-00C04F79EFBC}") = "MasterDevs.ChromeDevTools", "MasterDevs.ChromeDevTools\MasterDevs.ChromeDevTools.csproj", "{951B8E47-56E7-44F8-9D68-9AB6AF80B798}"
EndProject
Project("{FAE04EC0-301F-11D3-BF4B-00C04F79EFBC}") = "MasterDevs.ChromeDevTools.Remote", "MasterDevs.ChromeDevTools.Remote\MasterDevs.ChromeDevTools.Remote.csproj", "{FCE907F1-75C5-4A0B-B644-E2ABD6324EBE}"
EndProject
Project("{2150E333-8FDC-42A3-9474-1A3956D46DE8}") = "MasterDevs.ChromeDevTools.Protocol", "MasterDevs.ChromeDevTools.Protocol", "{CD799F32-5C74-47DE-A6D2-5963C3B60434}"
EndProject
Project("{FAE04EC0-301F-11D3-BF4B-00C04F79EFBC}") = "MasterDevs.ChromeDevTools.Protocol", "MasterDevs.ChromeDevTools.Protocol\MasterDevs.ChromeDevTools.Protocol.csproj", "{C01E8AD3-0993-4A68-BEC6-696C85F8D20F}"
EndProject
Project("{2150E333-8FDC-42A3-9474-1A3956D46DE8}") = "MasterDevs.ChromeDevTools.ProtocolGenerator", "MasterDevs.ChromeDevTools.ProtocolGenerator", "{EFB9942C-5F97-47A6-89C1-F119FBCECAAA}"
EndProject
Project("{FAE04EC0-301F-11D3-BF4B-00C04F79EFBC}") = "MasterDevs.ChromeDevTools.ProtocolGenerator", "MasterDevs.ChromeDevTools.ProtocolGenerator\MasterDevs.ChromeDevTools.ProtocolGenerator.csproj", "{4EE43CD4-D125-4FBD-84E9-B82D8ADB3F11}"
EndProject
Project("{FAE04EC0-301F-11D3-BF4B-00C04F79EFBC}") = "MasterDevs.ChromeDevTools.ProtocolGenerator.Tests", "MasterDevs.ChromeDevTools.ProtocolGenerator.Tests\MasterDevs.ChromeDevTools.ProtocolGenerator.Tests.csproj", "{4C3A1910-79C5-43C0-8599-89921482B38B}"
EndProject
Project("{FAE04EC0-301F-11D3-BF4B-00C04F79EFBC}") = "MasterDevs.ChromeDevTools.Tests", "MasterDevs.ChromeDevTools.Tests\MasterDevs.ChromeDevTools.Tests.csproj", "{4CFEBA12-2ECB-4C17-9EA1-AD79C39EEA72}"
EndProject
Project("{FAE04EC0-301F-11D3-BF4B-00C04F79EFBC}") = "MasterDevs.ChromeDevTools.Sample", "MasterDevs.ChromeDevTools.Sample\MasterDevs.ChromeDevTools.Sample.csproj", "{9BFD6982-317A-4FFB-8769-CF78A6C1ACCC}"
EndProject
Project("{FAE04EC0-301F-11D3-BF4B-00C04F79EFBC}") = "MasterDevs.ChromeDevTools.Protocol.Chrome.Version13", "MasterDevs.ChromeDevTools.Protocol.Chrome.Version13\MasterDevs.ChromeDevTools.Protocol.Chrome.Version13.csproj", "{44F2B40F-FE18-497B-8530-CE014CDC7B7A}"
EndProject
Project("{FAE04EC0-301F-11D3-BF4B-00C04F79EFBC}") = "MasterDevs.ChromeDevTools.Protocol.IOS.Version93", "MasterDevs.ChromeDevTools.Protocol.IOS.Version93\MasterDevs.ChromeDevTools.Protocol.IOS.Version93.csproj", "{6630DBDA-0763-49F7-991C-6384B720BE64}"
EndProject
Global
	GlobalSection(SolutionConfigurationPlatforms) = preSolution
		Debug|Any CPU = Debug|Any CPU
		Release|Any CPU = Release|Any CPU
	EndGlobalSection
	GlobalSection(ProjectConfigurationPlatforms) = postSolution
		{F1954861-46DF-4617-AE0C-FE8A648F698C}.Debug|Any CPU.ActiveCfg = Debug|Any CPU
		{F1954861-46DF-4617-AE0C-FE8A648F698C}.Debug|Any CPU.Build.0 = Debug|Any CPU
		{F1954861-46DF-4617-AE0C-FE8A648F698C}.Release|Any CPU.ActiveCfg = Release|Any CPU
		{F1954861-46DF-4617-AE0C-FE8A648F698C}.Release|Any CPU.Build.0 = Release|Any CPU
		{951B8E47-56E7-44F8-9D68-9AB6AF80B798}.Debug|Any CPU.ActiveCfg = Debug|Any CPU
		{951B8E47-56E7-44F8-9D68-9AB6AF80B798}.Debug|Any CPU.Build.0 = Debug|Any CPU
		{951B8E47-56E7-44F8-9D68-9AB6AF80B798}.Release|Any CPU.ActiveCfg = Release|Any CPU
		{951B8E47-56E7-44F8-9D68-9AB6AF80B798}.Release|Any CPU.Build.0 = Release|Any CPU
		{FCE907F1-75C5-4A0B-B644-E2ABD6324EBE}.Debug|Any CPU.ActiveCfg = Debug|Any CPU
		{FCE907F1-75C5-4A0B-B644-E2ABD6324EBE}.Debug|Any CPU.Build.0 = Debug|Any CPU
		{FCE907F1-75C5-4A0B-B644-E2ABD6324EBE}.Release|Any CPU.ActiveCfg = Release|Any CPU
		{FCE907F1-75C5-4A0B-B644-E2ABD6324EBE}.Release|Any CPU.Build.0 = Release|Any CPU
		{C01E8AD3-0993-4A68-BEC6-696C85F8D20F}.Debug|Any CPU.ActiveCfg = Debug|Any CPU
		{C01E8AD3-0993-4A68-BEC6-696C85F8D20F}.Debug|Any CPU.Build.0 = Debug|Any CPU
		{C01E8AD3-0993-4A68-BEC6-696C85F8D20F}.Release|Any CPU.ActiveCfg = Release|Any CPU
		{C01E8AD3-0993-4A68-BEC6-696C85F8D20F}.Release|Any CPU.Build.0 = Release|Any CPU
		{4EE43CD4-D125-4FBD-84E9-B82D8ADB3F11}.Debug|Any CPU.ActiveCfg = Debug|Any CPU
		{4EE43CD4-D125-4FBD-84E9-B82D8ADB3F11}.Debug|Any CPU.Build.0 = Debug|Any CPU
		{4EE43CD4-D125-4FBD-84E9-B82D8ADB3F11}.Release|Any CPU.ActiveCfg = Release|Any CPU
		{4EE43CD4-D125-4FBD-84E9-B82D8ADB3F11}.Release|Any CPU.Build.0 = Release|Any CPU
		{4C3A1910-79C5-43C0-8599-89921482B38B}.Debug|Any CPU.ActiveCfg = Debug|Any CPU
		{4C3A1910-79C5-43C0-8599-89921482B38B}.Debug|Any CPU.Build.0 = Debug|Any CPU
		{4C3A1910-79C5-43C0-8599-89921482B38B}.Release|Any CPU.ActiveCfg = Release|Any CPU
		{4C3A1910-79C5-43C0-8599-89921482B38B}.Release|Any CPU.Build.0 = Release|Any CPU
		{4CFEBA12-2ECB-4C17-9EA1-AD79C39EEA72}.Debug|Any CPU.ActiveCfg = Debug|Any CPU
		{4CFEBA12-2ECB-4C17-9EA1-AD79C39EEA72}.Debug|Any CPU.Build.0 = Debug|Any CPU
		{4CFEBA12-2ECB-4C17-9EA1-AD79C39EEA72}.Release|Any CPU.ActiveCfg = Release|Any CPU
		{4CFEBA12-2ECB-4C17-9EA1-AD79C39EEA72}.Release|Any CPU.Build.0 = Release|Any CPU
		{9BFD6982-317A-4FFB-8769-CF78A6C1ACCC}.Debug|Any CPU.ActiveCfg = Debug|Any CPU
		{9BFD6982-317A-4FFB-8769-CF78A6C1ACCC}.Debug|Any CPU.Build.0 = Debug|Any CPU
		{9BFD6982-317A-4FFB-8769-CF78A6C1ACCC}.Release|Any CPU.ActiveCfg = Release|Any CPU
		{9BFD6982-317A-4FFB-8769-CF78A6C1ACCC}.Release|Any CPU.Build.0 = Release|Any CPU
		{44F2B40F-FE18-497B-8530-CE014CDC7B7A}.Debug|Any CPU.ActiveCfg = Debug|Any CPU
		{44F2B40F-FE18-497B-8530-CE014CDC7B7A}.Debug|Any CPU.Build.0 = Debug|Any CPU
		{44F2B40F-FE18-497B-8530-CE014CDC7B7A}.Release|Any CPU.ActiveCfg = Release|Any CPU
		{44F2B40F-FE18-497B-8530-CE014CDC7B7A}.Release|Any CPU.Build.0 = Release|Any CPU
		{6630DBDA-0763-49F7-991C-6384B720BE64}.Debug|Any CPU.ActiveCfg = Debug|Any CPU
		{6630DBDA-0763-49F7-991C-6384B720BE64}.Debug|Any CPU.Build.0 = Debug|Any CPU
		{6630DBDA-0763-49F7-991C-6384B720BE64}.Release|Any CPU.ActiveCfg = Release|Any CPU
		{6630DBDA-0763-49F7-991C-6384B720BE64}.Release|Any CPU.Build.0 = Release|Any CPU
	EndGlobalSection
	GlobalSection(SolutionProperties) = preSolution
		HideSolutionNode = FALSE
	EndGlobalSection
	GlobalSection(NestedProjects) = preSolution
		{F1954861-46DF-4617-AE0C-FE8A648F698C} = {B4DF8183-CDDE-4E9F-AAD2-557F30E2F4F7}
		{951B8E47-56E7-44F8-9D68-9AB6AF80B798} = {B4DF8183-CDDE-4E9F-AAD2-557F30E2F4F7}
		{FCE907F1-75C5-4A0B-B644-E2ABD6324EBE} = {B4DF8183-CDDE-4E9F-AAD2-557F30E2F4F7}
		{C01E8AD3-0993-4A68-BEC6-696C85F8D20F} = {CD799F32-5C74-47DE-A6D2-5963C3B60434}
		{4EE43CD4-D125-4FBD-84E9-B82D8ADB3F11} = {EFB9942C-5F97-47A6-89C1-F119FBCECAAA}
		{4C3A1910-79C5-43C0-8599-89921482B38B} = {EFB9942C-5F97-47A6-89C1-F119FBCECAAA}
		{4CFEBA12-2ECB-4C17-9EA1-AD79C39EEA72} = {B4DF8183-CDDE-4E9F-AAD2-557F30E2F4F7}
		{9BFD6982-317A-4FFB-8769-CF78A6C1ACCC} = {B4DF8183-CDDE-4E9F-AAD2-557F30E2F4F7}
		{44F2B40F-FE18-497B-8530-CE014CDC7B7A} = {CD799F32-5C74-47DE-A6D2-5963C3B60434}
		{6630DBDA-0763-49F7-991C-6384B720BE64} = {CD799F32-5C74-47DE-A6D2-5963C3B60434}
	EndGlobalSection
	GlobalSection(ExtensibilityGlobals) = postSolution
		SolutionGuid = {13B85A9D-7773-4898-A747-A8F84117DE94}
	EndGlobalSection
EndGlobal
